
Microsoft Visual Studio Solution File, Format Version 12.00
# Visual Studio Version 16
VisualStudioVersion = 16.0.31624.102
MinimumVisualStudioVersion = 10.0.40219.1
Project("{FAE04EC0-301F-11D3-BF4B-00C04F79EFBC}") = "Math-testing", "Math-testing\Math-testing.csproj", "{76D2590A-B3A3-4E2B-BF8B-9B81881AA044}"
EndProject
Project("{FAE04EC0-301F-11D3-BF4B-00C04F79EFBC}") = "Math-Operation-Library", "Math-Operation-Library\Math-Operation-Library.csproj", "{17807783-6EA7-4ADE-A44F-1E3F738AADDB}"
EndProject
Project("{FAE04EC0-301F-11D3-BF4B-00C04F79EFBC}") = "Math-Operation-Web-Api", "Math-Operation-Web-Api\Math-Operation-Web-Api.csproj", "{56925320-6CC6-44BA-BDAC-3EE0520A6925}"
EndProject
Global
	GlobalSection(SolutionConfigurationPlatforms) = preSolution
		Debug|Any CPU = Debug|Any CPU
		Release|Any CPU = Release|Any CPU
	EndGlobalSection
	GlobalSection(ProjectConfigurationPlatforms) = postSolution
		{76D2590A-B3A3-4E2B-BF8B-9B81881AA044}.Debug|Any CPU.ActiveCfg = Debug|Any CPU
		{76D2590A-B3A3-4E2B-BF8B-9B81881AA044}.Debug|Any CPU.Build.0 = Debug|Any CPU
		{76D2590A-B3A3-4E2B-BF8B-9B81881AA044}.Release|Any CPU.ActiveCfg = Release|Any CPU
		{76D2590A-B3A3-4E2B-BF8B-9B81881AA044}.Release|Any CPU.Build.0 = Release|Any CPU
		{17807783-6EA7-4ADE-A44F-1E3F738AADDB}.Debug|Any CPU.ActiveCfg = Debug|Any CPU
		{17807783-6EA7-4ADE-A44F-1E3F738AADDB}.Debug|Any CPU.Build.0 = Debug|Any CPU
		{17807783-6EA7-4ADE-A44F-1E3F738AADDB}.Release|Any CPU.ActiveCfg = Release|Any CPU
		{17807783-6EA7-4ADE-A44F-1E3F738AADDB}.Release|Any CPU.Build.0 = Release|Any CPU
		{56925320-6CC6-44BA-BDAC-3EE0520A6925}.Debug|Any CPU.ActiveCfg = Debug|Any CPU
		{56925320-6CC6-44BA-BDAC-3EE0520A6925}.Debug|Any CPU.Build.0 = Debug|Any CPU
		{56925320-6CC6-44BA-BDAC-3EE0520A6925}.Release|Any CPU.ActiveCfg = Release|Any CPU
		{56925320-6CC6-44BA-BDAC-3EE0520A6925}.Release|Any CPU.Build.0 = Release|Any CPU
	EndGlobalSection
	GlobalSection(SolutionProperties) = preSolution
		HideSolutionNode = FALSE
	EndGlobalSection
	GlobalSection(ExtensibilityGlobals) = postSolution
		SolutionGuid = {E1EDD904-C14B-41D2-9BA6-0FEF6C673795}
	EndGlobalSection
EndGlobal
